// !$*UTF8*$!
{
	archiveVersion = 1;
	classes = {
	};
	objectVersion = 56;
	objects = {

/* Begin PBXBuildFile section */
		858BCC7729D49242000C50EF /* ListView.swift in Sources */ = {isa = PBXBuildFile; fileRef = 858BCC7629D49242000C50EF /* ListView.swift */; };
		858BCC7929D498AB000C50EF /* Spot.swift in Sources */ = {isa = PBXBuildFile; fileRef = 858BCC7829D498AB000C50EF /* Spot.swift */; };
		858BCC7B29D49971000C50EF /* SpotDetailView.swift in Sources */ = {isa = PBXBuildFile; fileRef = 858BCC7A29D49971000C50EF /* SpotDetailView.swift */; };
		858BCC7D29D49C82000C50EF /* SpotViewModel.swift in Sources */ = {isa = PBXBuildFile; fileRef = 858BCC7C29D49C82000C50EF /* SpotViewModel.swift */; };
		8598C18E29D1E7BC00FDBB1D /* SnacktacularApp.swift in Sources */ = {isa = PBXBuildFile; fileRef = 8598C18D29D1E7BC00FDBB1D /* SnacktacularApp.swift */; };
		8598C19029D1E7BC00FDBB1D /* LoginView.swift in Sources */ = {isa = PBXBuildFile; fileRef = 8598C18F29D1E7BC00FDBB1D /* LoginView.swift */; };
		8598C19229D1E7C100FDBB1D /* Assets.xcassets in Resources */ = {isa = PBXBuildFile; fileRef = 8598C19129D1E7C100FDBB1D /* Assets.xcassets */; };
		8598C19529D1E7C100FDBB1D /* Preview Assets.xcassets in Resources */ = {isa = PBXBuildFile; fileRef = 8598C19429D1E7C100FDBB1D /* Preview Assets.xcassets */; };
		8598C19D29D21E2900FDBB1D /* FirebaseAuth in Frameworks */ = {isa = PBXBuildFile; productRef = 8598C19C29D21E2900FDBB1D /* FirebaseAuth */; };
		8598C19F29D21E2900FDBB1D /* FirebaseFirestore in Frameworks */ = {isa = PBXBuildFile; productRef = 8598C19E29D21E2900FDBB1D /* FirebaseFirestore */; };
		8598C1A129D21E2900FDBB1D /* FirebaseFirestoreSwift in Frameworks */ = {isa = PBXBuildFile; productRef = 8598C1A029D21E2900FDBB1D /* FirebaseFirestoreSwift */; };
		8598C1A329D21E2900FDBB1D /* FirebaseStorage in Frameworks */ = {isa = PBXBuildFile; productRef = 8598C1A229D21E2900FDBB1D /* FirebaseStorage */; };
		8598C1A529D21FF800FDBB1D /* GoogleService-Info.plist in Resources */ = {isa = PBXBuildFile; fileRef = 8598C1A429D21FF800FDBB1D /* GoogleService-Info.plist */; };
/* End PBXBuildFile section */

/* Begin PBXFileReference section */
		858BCC7629D49242000C50EF /* ListView.swift */ = {isa = PBXFileReference; lastKnownFileType = sourcecode.swift; path = ListView.swift; sourceTree = "<group>"; };
		858BCC7829D498AB000C50EF /* Spot.swift */ = {isa = PBXFileReference; lastKnownFileType = sourcecode.swift; path = Spot.swift; sourceTree = "<group>"; };
		858BCC7A29D49971000C50EF /* SpotDetailView.swift */ = {isa = PBXFileReference; lastKnownFileType = sourcecode.swift; path = SpotDetailView.swift; sourceTree = "<group>"; };
		858BCC7C29D49C82000C50EF /* SpotViewModel.swift */ = {isa = PBXFileReference; lastKnownFileType = sourcecode.swift; path = SpotViewModel.swift; sourceTree = "<group>"; };
		858BCC7E29D4A64E000C50EF /* Info.plist */ = {isa = PBXFileReference; lastKnownFileType = text.plist; path = Info.plist; sourceTree = "<group>"; };
		8598C18A29D1E7BB00FDBB1D /* Snacktacular.app */ = {isa = PBXFileReference; explicitFileType = wrapper.application; includeInIndex = 0; path = Snacktacular.app; sourceTree = BUILT_PRODUCTS_DIR; };
		8598C18D29D1E7BC00FDBB1D /* SnacktacularApp.swift */ = {isa = PBXFileReference; lastKnownFileType = sourcecode.swift; path = SnacktacularApp.swift; sourceTree = "<group>"; };
		8598C18F29D1E7BC00FDBB1D /* LoginView.swift */ = {isa = PBXFileReference; lastKnownFileType = sourcecode.swift; path = LoginView.swift; sourceTree = "<group>"; };
		8598C19129D1E7C100FDBB1D /* Assets.xcassets */ = {isa = PBXFileReference; lastKnownFileType = folder.assetcatalog; path = Assets.xcassets; sourceTree = "<group>"; };
		8598C19429D1E7C100FDBB1D /* Preview Assets.xcassets */ = {isa = PBXFileReference; lastKnownFileType = folder.assetcatalog; path = "Preview Assets.xcassets"; sourceTree = "<group>"; };
		8598C1A429D21FF800FDBB1D /* GoogleService-Info.plist */ = {isa = PBXFileReference; fileEncoding = 4; lastKnownFileType = text.plist.xml; path = "GoogleService-Info.plist"; sourceTree = "<group>"; };
/* End PBXFileReference section */

/* Begin PBXFrameworksBuildPhase section */
		8598C18729D1E7BB00FDBB1D /* Frameworks */ = {
			isa = PBXFrameworksBuildPhase;
			buildActionMask = 2147483647;
			files = (
				8598C19D29D21E2900FDBB1D /* FirebaseAuth in Frameworks */,
				8598C1A329D21E2900FDBB1D /* FirebaseStorage in Frameworks */,
				8598C19F29D21E2900FDBB1D /* FirebaseFirestore in Frameworks */,
				8598C1A129D21E2900FDBB1D /* FirebaseFirestoreSwift in Frameworks */,
			);
			runOnlyForDeploymentPostprocessing = 0;
		};
/* End PBXFrameworksBuildPhase section */

/* Begin PBXGroup section */
		8598C18129D1E7BB00FDBB1D = {
			isa = PBXGroup;
			children = (
				8598C18C29D1E7BB00FDBB1D /* Snacktacular */,
				8598C18B29D1E7BB00FDBB1D /* Products */,
			);
			sourceTree = "<group>";
		};
		8598C18B29D1E7BB00FDBB1D /* Products */ = {
			isa = PBXGroup;
			children = (
				8598C18A29D1E7BB00FDBB1D /* Snacktacular.app */,
			);
			name = Products;
			sourceTree = "<group>";
		};
		8598C18C29D1E7BB00FDBB1D /* Snacktacular */ = {
			isa = PBXGroup;
			children = (
				858BCC7E29D4A64E000C50EF /* Info.plist */,
				8598C18D29D1E7BC00FDBB1D /* SnacktacularApp.swift */,
				858BCC7829D498AB000C50EF /* Spot.swift */,
				858BCC7C29D49C82000C50EF /* SpotViewModel.swift */,
				8598C18F29D1E7BC00FDBB1D /* LoginView.swift */,
				858BCC7629D49242000C50EF /* ListView.swift */,
				858BCC7A29D49971000C50EF /* SpotDetailView.swift */,
				8598C19129D1E7C100FDBB1D /* Assets.xcassets */,
				8598C1A429D21FF800FDBB1D /* GoogleService-Info.plist */,
				8598C19329D1E7C100FDBB1D /* Preview Content */,
			);
			path = Snacktacular;
			sourceTree = "<group>";
		};
		8598C19329D1E7C100FDBB1D /* Preview Content */ = {
			isa = PBXGroup;
			children = (
				8598C19429D1E7C100FDBB1D /* Preview Assets.xcassets */,
			);
			path = "Preview Content";
			sourceTree = "<group>";
		};
/* End PBXGroup section */

/* Begin PBXNativeTarget section */
		8598C18929D1E7BB00FDBB1D /* Snacktacular */ = {
			isa = PBXNativeTarget;
			buildConfigurationList = 8598C19829D1E7C100FDBB1D /* Build configuration list for PBXNativeTarget "Snacktacular" */;
			buildPhases = (
				8598C18629D1E7BB00FDBB1D /* Sources */,
				8598C18729D1E7BB00FDBB1D /* Frameworks */,
				8598C18829D1E7BB00FDBB1D /* Resources */,
			);
			buildRules = (
			);
			dependencies = (
			);
			name = Snacktacular;
			packageProductDependencies = (
				8598C19C29D21E2900FDBB1D /* FirebaseAuth */,
				8598C19E29D21E2900FDBB1D /* FirebaseFirestore */,
				8598C1A029D21E2900FDBB1D /* FirebaseFirestoreSwift */,
				8598C1A229D21E2900FDBB1D /* FirebaseStorage */,
			);
			productName = Snacktacular;
			productReference = 8598C18A29D1E7BB00FDBB1D /* Snacktacular.app */;
			productType = "com.apple.product-type.application";
		};
/* End PBXNativeTarget section */

/* Begin PBXProject section */
		8598C18229D1E7BB00FDBB1D /* Project object */ = {
			isa = PBXProject;
			attributes = {
				BuildIndependentTargetsInParallel = 1;
				LastSwiftUpdateCheck = 1420;
				LastUpgradeCheck = 1420;
				TargetAttributes = {
					8598C18929D1E7BB00FDBB1D = {
						CreatedOnToolsVersion = 14.2;
					};
				};
			};
			buildConfigurationList = 8598C18529D1E7BB00FDBB1D /* Build configuration list for PBXProject "Snacktacular" */;
			compatibilityVersion = "Xcode 14.0";
			developmentRegion = en;
			hasScannedForEncodings = 0;
			knownRegions = (
				en,
				Base,
			);
			mainGroup = 8598C18129D1E7BB00FDBB1D;
			packageReferences = (
				8598C19B29D21E2800FDBB1D /* XCRemoteSwiftPackageReference "firebase-ios-sdk" */,
			);
			productRefGroup = 8598C18B29D1E7BB00FDBB1D /* Products */;
			projectDirPath = "";
			projectRoot = "";
			targets = (
				8598C18929D1E7BB00FDBB1D /* Snacktacular */,
			);
		};
/* End PBXProject section */

/* Begin PBXResourcesBuildPhase section */
		8598C18829D1E7BB00FDBB1D /* Resources */ = {
			isa = PBXResourcesBuildPhase;
			buildActionMask = 2147483647;
			files = (
				8598C19529D1E7C100FDBB1D /* Preview Assets.xcassets in Resources */,
				8598C19229D1E7C100FDBB1D /* Assets.xcassets in Resources */,
				8598C1A529D21FF800FDBB1D /* GoogleService-Info.plist in Resources */,
			);
			runOnlyForDeploymentPostprocessing = 0;
		};
/* End PBXResourcesBuildPhase section */

/* Begin PBXSourcesBuildPhase section */
		8598C18629D1E7BB00FDBB1D /* Sources */ = {
			isa = PBXSourcesBuildPhase;
			buildActionMask = 2147483647;
			files = (
				858BCC7B29D49971000C50EF /* SpotDetailView.swift in Sources */,
				8598C19029D1E7BC00FDBB1D /* LoginView.swift in Sources */,
				858BCC7D29D49C82000C50EF /* SpotViewModel.swift in Sources */,
				8598C18E29D1E7BC00FDBB1D /* SnacktacularApp.swift in Sources */,
				858BCC7729D49242000C50EF /* ListView.swift in Sources */,
				858BCC7929D498AB000C50EF /* Spot.swift in Sources */,
			);
			runOnlyForDeploymentPostprocessing = 0;
		};
/* End PBXSourcesBuildPhase section */

/* Begin XCBuildConfiguration section */
		8598C19629D1E7C100FDBB1D /* Debug */ = {
			isa = XCBuildConfiguration;
			buildSettings = {
				ALWAYS_SEARCH_USER_PATHS = NO;
				CLANG_ANALYZER_NONNULL = YES;
				CLANG_ANALYZER_NUMBER_OBJECT_CONVERSION = YES_AGGRESSIVE;
				CLANG_CXX_LANGUAGE_STANDARD = "gnu++20";
				CLANG_ENABLE_MODULES = YES;
				CLANG_ENABLE_OBJC_ARC = YES;
				CLANG_ENABLE_OBJC_WEAK = YES;
				CLANG_WARN_BLOCK_CAPTURE_AUTORELEASING = YES;
				CLANG_WARN_BOOL_CONVERSION = YES;
				CLANG_WARN_COMMA = YES;
				CLANG_WARN_CONSTANT_CONVERSION = YES;
				CLANG_WARN_DEPRECATED_OBJC_IMPLEMENTATIONS = YES;
				CLANG_WARN_DIRECT_OBJC_ISA_USAGE = YES_ERROR;
				CLANG_WARN_DOCUMENTATION_COMMENTS = YES;
				CLANG_WARN_EMPTY_BODY = YES;
				CLANG_WARN_ENUM_CONVERSION = YES;
				CLANG_WARN_INFINITE_RECURSION = YES;
				CLANG_WARN_INT_CONVERSION = YES;
				CLANG_WARN_NON_LITERAL_NULL_CONVERSION = YES;
				CLANG_WARN_OBJC_IMPLICIT_RETAIN_SELF = YES;
				CLANG_WARN_OBJC_LITERAL_CONVERSION = YES;
				CLANG_WARN_OBJC_ROOT_CLASS = YES_ERROR;
				CLANG_WARN_QUOTED_INCLUDE_IN_FRAMEWORK_HEADER = YES;
				CLANG_WARN_RANGE_LOOP_ANALYSIS = YES;
				CLANG_WARN_STRICT_PROTOTYPES = YES;
				CLANG_WARN_SUSPICIOUS_MOVE = YES;
				CLANG_WARN_UNGUARDED_AVAILABILITY = YES_AGGRESSIVE;
				CLANG_WARN_UNREACHABLE_CODE = YES;
				CLANG_WARN__DUPLICATE_METHOD_MATCH = YES;
				COPY_PHASE_STRIP = NO;
				DEBUG_INFORMATION_FORMAT = dwarf;
				ENABLE_STRICT_OBJC_MSGSEND = YES;
				ENABLE_TESTABILITY = YES;
				GCC_C_LANGUAGE_STANDARD = gnu11;
				GCC_DYNAMIC_NO_PIC = NO;
				GCC_NO_COMMON_BLOCKS = YES;
				GCC_OPTIMIZATION_LEVEL = 0;
				GCC_PREPROCESSOR_DEFINITIONS = (
					"DEBUG=1",
					"$(inherited)",
				);
				GCC_WARN_64_TO_32_BIT_CONVERSION = YES;
				GCC_WARN_ABOUT_RETURN_TYPE = YES_ERROR;
				GCC_WARN_UNDECLARED_SELECTOR = YES;
				GCC_WARN_UNINITIALIZED_AUTOS = YES_AGGRESSIVE;
				GCC_WARN_UNUSED_FUNCTION = YES;
				GCC_WARN_UNUSED_VARIABLE = YES;
				IPHONEOS_DEPLOYMENT_TARGET = 16.2;
				MTL_ENABLE_DEBUG_INFO = INCLUDE_SOURCE;
				MTL_FAST_MATH = YES;
				ONLY_ACTIVE_ARCH = YES;
				SDKROOT = iphoneos;
				SWIFT_ACTIVE_COMPILATION_CONDITIONS = DEBUG;
				SWIFT_OPTIMIZATION_LEVEL = "-Onone";
			};
			name = Debug;
		};
		8598C19729D1E7C100FDBB1D /* Release */ = {
			isa = XCBuildConfiguration;
			buildSettings = {
				ALWAYS_SEARCH_USER_PATHS = NO;
				CLANG_ANALYZER_NONNULL = YES;
				CLANG_ANALYZER_NUMBER_OBJECT_CONVERSION = YES_AGGRESSIVE;
				CLANG_CXX_LANGUAGE_STANDARD = "gnu++20";
				CLANG_ENABLE_MODULES = YES;
				CLANG_ENABLE_OBJC_ARC = YES;
				CLANG_ENABLE_OBJC_WEAK = YES;
				CLANG_WARN_BLOCK_CAPTURE_AUTORELEASING = YES;
				CLANG_WARN_BOOL_CONVERSION = YES;
				CLANG_WARN_COMMA = YES;
				CLANG_WARN_CONSTANT_CONVERSION = YES;
				CLANG_WARN_DEPRECATED_OBJC_IMPLEMENTATIONS = YES;
				CLANG_WARN_DIRECT_OBJC_ISA_USAGE = YES_ERROR;
				CLANG_WARN_DOCUMENTATION_COMMENTS = YES;
				CLANG_WARN_EMPTY_BODY = YES;
				CLANG_WARN_ENUM_CONVERSION = YES;
				CLANG_WARN_INFINITE_RECURSION = YES;
				CLANG_WARN_INT_CONVERSION = YES;
				CLANG_WARN_NON_LITERAL_NULL_CONVERSION = YES;
				CLANG_WARN_OBJC_IMPLICIT_RETAIN_SELF = YES;
				CLANG_WARN_OBJC_LITERAL_CONVERSION = YES;
				CLANG_WARN_OBJC_ROOT_CLASS = YES_ERROR;
				CLANG_WARN_QUOTED_INCLUDE_IN_FRAMEWORK_HEADER = YES;
				CLANG_WARN_RANGE_LOOP_ANALYSIS = YES;
				CLANG_WARN_STRICT_PROTOTYPES = YES;
				CLANG_WARN_SUSPICIOUS_MOVE = YES;
				CLANG_WARN_UNGUARDED_AVAILABILITY = YES_AGGRESSIVE;
				CLANG_WARN_UNREACHABLE_CODE = YES;
				CLANG_WARN__DUPLICATE_METHOD_MATCH = YES;
				COPY_PHASE_STRIP = NO;
				DEBUG_INFORMATION_FORMAT = "dwarf-with-dsym";
				ENABLE_NS_ASSERTIONS = NO;
				ENABLE_STRICT_OBJC_MSGSEND = YES;
				GCC_C_LANGUAGE_STANDARD = gnu11;
				GCC_NO_COMMON_BLOCKS = YES;
				GCC_WARN_64_TO_32_BIT_CONVERSION = YES;
				GCC_WARN_ABOUT_RETURN_TYPE = YES_ERROR;
				GCC_WARN_UNDECLARED_SELECTOR = YES;
				GCC_WARN_UNINITIALIZED_AUTOS = YES_AGGRESSIVE;
				GCC_WARN_UNUSED_FUNCTION = YES;
				GCC_WARN_UNUSED_VARIABLE = YES;
				IPHONEOS_DEPLOYMENT_TARGET = 16.2;
				MTL_ENABLE_DEBUG_INFO = NO;
				MTL_FAST_MATH = YES;
				SDKROOT = iphoneos;
				SWIFT_COMPILATION_MODE = wholemodule;
				SWIFT_OPTIMIZATION_LEVEL = "-O";
				VALIDATE_PRODUCT = YES;
			};
			name = Release;
		};
		8598C19929D1E7C100FDBB1D /* Debug */ = {
			isa = XCBuildConfiguration;
			buildSettings = {
				ASSETCATALOG_COMPILER_APPICON_NAME = AppIcon;
				ASSETCATALOG_COMPILER_GLOBAL_ACCENT_COLOR_NAME = AccentColor;
				CODE_SIGN_STYLE = Automatic;
				CURRENT_PROJECT_VERSION = 1;
				DEVELOPMENT_ASSET_PATHS = "\"Snacktacular/Preview Content\"";
				DEVELOPMENT_TEAM = 635UZKT5KS;
				ENABLE_PREVIEWS = YES;
				GENERATE_INFOPLIST_FILE = YES;
				INFOPLIST_FILE = Snacktacular/Info.plist;
				INFOPLIST_KEY_UIApplicationSceneManifest_Generation = YES;
				INFOPLIST_KEY_UIApplicationSupportsIndirectInputEvents = YES;
				INFOPLIST_KEY_UILaunchScreen_Generation = YES;
				INFOPLIST_KEY_UISupportedInterfaceOrientations_iPad = "UIInterfaceOrientationPortrait UIInterfaceOrientationPortraitUpsideDown UIInterfaceOrientationLandscapeLeft UIInterfaceOrientationLandscapeRight";
				INFOPLIST_KEY_UISupportedInterfaceOrientations_iPhone = "UIInterfaceOrientationPortrait UIInterfaceOrientationLandscapeLeft UIInterfaceOrientationLandscapeRight";
				LD_RUNPATH_SEARCH_PATHS = (
					"$(inherited)",
					"@executable_path/Frameworks",
				);
				MARKETING_VERSION = 1.0;
				PRODUCT_BUNDLE_IDENTIFIER = com.wheeler.Snacktacular;
				PRODUCT_NAME = "$(TARGET_NAME)";
				SWIFT_EMIT_LOC_STRINGS = YES;
				SWIFT_VERSION = 5.0;
				TARGETED_DEVICE_FAMILY = "1,2";
			};
			name = Debug;
		};
		8598C19A29D1E7C100FDBB1D /* Release */ = {
			isa = XCBuildConfiguration;
			buildSettings = {
				ASSETCATALOG_COMPILER_APPICON_NAME = AppIcon;
				ASSETCATALOG_COMPILER_GLOBAL_ACCENT_COLOR_NAME = AccentColor;
				CODE_SIGN_STYLE = Automatic;
				CURRENT_PROJECT_VERSION = 1;
				DEVELOPMENT_ASSET_PATHS = "\"Snacktacular/Preview Content\"";
				DEVELOPMENT_TEAM = 635UZKT5KS;
				ENABLE_PREVIEWS = YES;
				GENERATE_INFOPLIST_FILE = YES;
				INFOPLIST_FILE = Snacktacular/Info.plist;
				INFOPLIST_KEY_UIApplicationSceneManifest_Generation = YES;
				INFOPLIST_KEY_UIApplicationSupportsIndirectInputEvents = YES;
				INFOPLIST_KEY_UILaunchScreen_Generation = YES;
				INFOPLIST_KEY_UISupportedInterfaceOrientations_iPad = "UIInterfaceOrientationPortrait UIInterfaceOrientationPortraitUpsideDown UIInterfaceOrientationLandscapeLeft UIInterfaceOrientationLandscapeRight";
				INFOPLIST_KEY_UISupportedInterfaceOrientations_iPhone = "UIInterfaceOrientationPortrait UIInterfaceOrientationLandscapeLeft UIInterfaceOrientationLandscapeRight";
				LD_RUNPATH_SEARCH_PATHS = (
					"$(inherited)",
					"@executable_path/Frameworks",
				);
				MARKETING_VERSION = 1.0;
				PRODUCT_BUNDLE_IDENTIFIER = com.wheeler.Snacktacular;
				PRODUCT_NAME = "$(TARGET_NAME)";
				SWIFT_EMIT_LOC_STRINGS = YES;
				SWIFT_VERSION = 5.0;
				TARGETED_DEVICE_FAMILY = "1,2";
			};
			name = Release;
		};
/* End XCBuildConfiguration section */

/* Begin XCConfigurationList section */
		8598C18529D1E7BB00FDBB1D /* Build configuration list for PBXProject "Snacktacular" */ = {
			isa = XCConfigurationList;
			buildConfigurations = (
				8598C19629D1E7C100FDBB1D /* Debug */,
				8598C19729D1E7C100FDBB1D /* Release */,
			);
			defaultConfigurationIsVisible = 0;
			defaultConfigurationName = Release;
		};
		8598C19829D1E7C100FDBB1D /* Build configuration list for PBXNativeTarget "Snacktacular" */ = {
			isa = XCConfigurationList;
			buildConfigurations = (
				8598C19929D1E7C100FDBB1D /* Debug */,
				8598C19A29D1E7C100FDBB1D /* Release */,
			);
			defaultConfigurationIsVisible = 0;
			defaultConfigurationName = Release;
		};
/* End XCConfigurationList section */

/* Begin XCRemoteSwiftPackageReference section */
		8598C19B29D21E2800FDBB1D /* XCRemoteSwiftPackageReference "firebase-ios-sdk" */ = {
			isa = XCRemoteSwiftPackageReference;
			repositoryURL = "https://github.com/firebase/firebase-ios-sdk.git";
			requirement = {
				kind = upToNextMajorVersion;
				minimumVersion = 9.0.0;
			};
		};
/* End XCRemoteSwiftPackageReference section */

/* Begin XCSwiftPackageProductDependency section */
		8598C19C29D21E2900FDBB1D /* FirebaseAuth */ = {
			isa = XCSwiftPackageProductDependency;
			package = 8598C19B29D21E2800FDBB1D /* XCRemoteSwiftPackageReference "firebase-ios-sdk" */;
			productName = FirebaseAuth;
		};
		8598C19E29D21E2900FDBB1D /* FirebaseFirestore */ = {
			isa = XCSwiftPackageProductDependency;
			package = 8598C19B29D21E2800FDBB1D /* XCRemoteSwiftPackageReference "firebase-ios-sdk" */;
			productName = FirebaseFirestore;
		};
		8598C1A029D21E2900FDBB1D /* FirebaseFirestoreSwift */ = {
			isa = XCSwiftPackageProductDependency;
			package = 8598C19B29D21E2800FDBB1D /* XCRemoteSwiftPackageReference "firebase-ios-sdk" */;
			productName = FirebaseFirestoreSwift;
		};
		8598C1A229D21E2900FDBB1D /* FirebaseStorage */ = {
			isa = XCSwiftPackageProductDependency;
			package = 8598C19B29D21E2800FDBB1D /* XCRemoteSwiftPackageReference "firebase-ios-sdk" */;
			productName = FirebaseStorage;
		};
/* End XCSwiftPackageProductDependency section */
	};
	rootObject = 8598C18229D1E7BB00FDBB1D /* Project object */;
}
